
Microsoft Visual Studio Solution File, Format Version 12.00
# Visual Studio 15
VisualStudioVersion = 15.0.27703.2035
MinimumVisualStudioVersion = 10.0.40219.1
Project("{FAE04EC0-301F-11D3-BF4B-00C04F79EFBC}") = "CoreServiceConsoleTest", "CoreServiceConsoleTest\CoreServiceConsoleTest.csproj", "{C1CAB497-2C34-40E8-B2AE-E9D583D93858}"
EndProject
Global
	GlobalSection(SolutionConfigurationPlatforms) = preSolution
		Debug|Any CPU = Debug|Any CPU
		Release|Any CPU = Release|Any CPU
	EndGlobalSection
	GlobalSection(ProjectConfigurationPlatforms) = postSolution
		{C1CAB497-2C34-40E8-B2AE-E9D583D93858}.Debug|Any CPU.ActiveCfg = Debug|Any CPU
		{C1CAB497-2C34-40E8-B2AE-E9D583D93858}.Debug|Any CPU.Build.0 = Debug|Any CPU
		{C1CAB497-2C34-40E8-B2AE-E9D583D93858}.Release|Any CPU.ActiveCfg = Release|Any CPU
		{C1CAB497-2C34-40E8-B2AE-E9D583D93858}.Release|Any CPU.Build.0 = Release|Any CPU
	EndGlobalSection
	GlobalSection(SolutionProperties) = preSolution
		HideSolutionNode = FALSE
	EndGlobalSection
	GlobalSection(ExtensibilityGlobals) = postSolution
		SolutionGuid = {D4C28D65-DC44-4FF2-89F1-6981C971D152}
	EndGlobalSection
EndGlobal
